// !$*UTF8*$!
{
	archiveVersion = 1;
	classes = {
	};
	objectVersion = 50;
	objects = {

/* Begin PBXBuildFile section */
		DB1AAFD62190F44C00255059 /* AppDelegate.swift in Sources */ = {isa = PBXBuildFile; fileRef = DB1AAFD52190F44C00255059 /* AppDelegate.swift */; };
		DB1AAFD82190F44C00255059 /* ViewController.swift in Sources */ = {isa = PBXBuildFile; fileRef = DB1AAFD72190F44C00255059 /* ViewController.swift */; };
		DB1AAFDB2190F44C00255059 /* Main.storyboard in Resources */ = {isa = PBXBuildFile; fileRef = DB1AAFD92190F44C00255059 /* Main.storyboard */; };
		DB1AAFDD2190F44E00255059 /* Assets.xcassets in Resources */ = {isa = PBXBuildFile; fileRef = DB1AAFDC2190F44E00255059 /* Assets.xcassets */; };
		DB1AAFE02190F44E00255059 /* LaunchScreen.storyboard in Resources */ = {isa = PBXBuildFile; fileRef = DB1AAFDE2190F44E00255059 /* LaunchScreen.storyboard */; };
		DB1AAFEB2190F44E00255059 /* SetTests.swift in Sources */ = {isa = PBXBuildFile; fileRef = DB1AAFEA2190F44E00255059 /* SetTests.swift */; };
		DB1AAFF62190F44E00255059 /* SetUITests.swift in Sources */ = {isa = PBXBuildFile; fileRef = DB1AAFF52190F44E00255059 /* SetUITests.swift */; };
		DB7367152191A79B00EF99B0 /* Card.swift in Sources */ = {isa = PBXBuildFile; fileRef = DB7367142191A79B00EF99B0 /* Card.swift */; };
		DB7367172191A9AF00EF99B0 /* Set.swift in Sources */ = {isa = PBXBuildFile; fileRef = DB7367162191A9AF00EF99B0 /* Set.swift */; };
		DB8DA96921D97A6F00AF6A17 /* CardBehavior.swift in Sources */ = {isa = PBXBuildFile; fileRef = DB8DA96821D97A6F00AF6A17 /* CardBehavior.swift */; };
		DBEAA30C21B20CD8001EE2C8 /* CardView.swift in Sources */ = {isa = PBXBuildFile; fileRef = DBEAA30B21B20CD8001EE2C8 /* CardView.swift */; };
		DBEAA31021B20FEA001EE2C8 /* Grid.swift in Sources */ = {isa = PBXBuildFile; fileRef = DBEAA30F21B20FEA001EE2C8 /* Grid.swift */; };
/* End PBXBuildFile section */

/* Begin PBXContainerItemProxy section */
		DB1AAFE72190F44E00255059 /* PBXContainerItemProxy */ = {
			isa = PBXContainerItemProxy;
			containerPortal = DB1AAFCA2190F44C00255059 /* Project object */;
			proxyType = 1;
			remoteGlobalIDString = DB1AAFD12190F44C00255059;
			remoteInfo = Set;
		};
		DB1AAFF22190F44E00255059 /* PBXContainerItemProxy */ = {
			isa = PBXContainerItemProxy;
			containerPortal = DB1AAFCA2190F44C00255059 /* Project object */;
			proxyType = 1;
			remoteGlobalIDString = DB1AAFD12190F44C00255059;
			remoteInfo = Set;
		};
/* End PBXContainerItemProxy section */

/* Begin PBXFileReference section */
		DB1AAFD22190F44C00255059 /* Set.app */ = {isa = PBXFileReference; explicitFileType = wrapper.application; includeInIndex = 0; path = Set.app; sourceTree = BUILT_PRODUCTS_DIR; };
		DB1AAFD52190F44C00255059 /* AppDelegate.swift */ = {isa = PBXFileReference; lastKnownFileType = sourcecode.swift; path = AppDelegate.swift; sourceTree = "<group>"; };
		DB1AAFD72190F44C00255059 /* ViewController.swift */ = {isa = PBXFileReference; lastKnownFileType = sourcecode.swift; path = ViewController.swift; sourceTree = "<group>"; wrapsLines = 0; };
		DB1AAFDA2190F44C00255059 /* Base */ = {isa = PBXFileReference; lastKnownFileType = file.storyboard; name = Base; path = Base.lproj/Main.storyboard; sourceTree = "<group>"; };
		DB1AAFDC2190F44E00255059 /* Assets.xcassets */ = {isa = PBXFileReference; lastKnownFileType = folder.assetcatalog; path = Assets.xcassets; sourceTree = "<group>"; };
		DB1AAFDF2190F44E00255059 /* Base */ = {isa = PBXFileReference; lastKnownFileType = file.storyboard; name = Base; path = Base.lproj/LaunchScreen.storyboard; sourceTree = "<group>"; };
		DB1AAFE12190F44E00255059 /* Info.plist */ = {isa = PBXFileReference; lastKnownFileType = text.plist.xml; path = Info.plist; sourceTree = "<group>"; };
		DB1AAFE62190F44E00255059 /* SetTests.xctest */ = {isa = PBXFileReference; explicitFileType = wrapper.cfbundle; includeInIndex = 0; path = SetTests.xctest; sourceTree = BUILT_PRODUCTS_DIR; };
		DB1AAFEA2190F44E00255059 /* SetTests.swift */ = {isa = PBXFileReference; lastKnownFileType = sourcecode.swift; path = SetTests.swift; sourceTree = "<group>"; };
		DB1AAFEC2190F44E00255059 /* Info.plist */ = {isa = PBXFileReference; lastKnownFileType = text.plist.xml; path = Info.plist; sourceTree = "<group>"; };
		DB1AAFF12190F44E00255059 /* SetUITests.xctest */ = {isa = PBXFileReference; explicitFileType = wrapper.cfbundle; includeInIndex = 0; path = SetUITests.xctest; sourceTree = BUILT_PRODUCTS_DIR; };
		DB1AAFF52190F44E00255059 /* SetUITests.swift */ = {isa = PBXFileReference; lastKnownFileType = sourcecode.swift; path = SetUITests.swift; sourceTree = "<group>"; };
		DB1AAFF72190F44E00255059 /* Info.plist */ = {isa = PBXFileReference; lastKnownFileType = text.plist.xml; path = Info.plist; sourceTree = "<group>"; };
		DB7367142191A79B00EF99B0 /* Card.swift */ = {isa = PBXFileReference; lastKnownFileType = sourcecode.swift; path = Card.swift; sourceTree = "<group>"; };
		DB7367162191A9AF00EF99B0 /* Set.swift */ = {isa = PBXFileReference; lastKnownFileType = sourcecode.swift; path = Set.swift; sourceTree = "<group>"; };
		DB8DA96821D97A6F00AF6A17 /* CardBehavior.swift */ = {isa = PBXFileReference; lastKnownFileType = sourcecode.swift; path = CardBehavior.swift; sourceTree = "<group>"; };
		DBEAA30B21B20CD8001EE2C8 /* CardView.swift */ = {isa = PBXFileReference; lastKnownFileType = sourcecode.swift; path = CardView.swift; sourceTree = "<group>"; };
		DBEAA30F21B20FEA001EE2C8 /* Grid.swift */ = {isa = PBXFileReference; fileEncoding = 4; lastKnownFileType = sourcecode.swift; name = Grid.swift; path = ../../../Downloads/Grid.swift; sourceTree = "<group>"; };
/* End PBXFileReference section */

/* Begin PBXFrameworksBuildPhase section */
		DB1AAFCF2190F44C00255059 /* Frameworks */ = {
			isa = PBXFrameworksBuildPhase;
			buildActionMask = 2147483647;
			files = (
			);
			runOnlyForDeploymentPostprocessing = 0;
		};
		DB1AAFE32190F44E00255059 /* Frameworks */ = {
			isa = PBXFrameworksBuildPhase;
			buildActionMask = 2147483647;
			files = (
			);
			runOnlyForDeploymentPostprocessing = 0;
		};
		DB1AAFEE2190F44E00255059 /* Frameworks */ = {
			isa = PBXFrameworksBuildPhase;
			buildActionMask = 2147483647;
			files = (
			);
			runOnlyForDeploymentPostprocessing = 0;
		};
/* End PBXFrameworksBuildPhase section */

/* Begin PBXGroup section */
		DB1AAFC92190F44C00255059 = {
			isa = PBXGroup;
			children = (
				DB1AAFD42190F44C00255059 /* Set */,
				DB1AAFE92190F44E00255059 /* SetTests */,
				DB1AAFF42190F44E00255059 /* SetUITests */,
				DB1AAFD32190F44C00255059 /* Products */,
			);
			sourceTree = "<group>";
		};
		DB1AAFD32190F44C00255059 /* Products */ = {
			isa = PBXGroup;
			children = (
				DB1AAFD22190F44C00255059 /* Set.app */,
				DB1AAFE62190F44E00255059 /* SetTests.xctest */,
				DB1AAFF12190F44E00255059 /* SetUITests.xctest */,
			);
			name = Products;
			sourceTree = "<group>";
		};
		DB1AAFD42190F44C00255059 /* Set */ = {
			isa = PBXGroup;
			children = (
				DB7367142191A79B00EF99B0 /* Card.swift */,
				DB7367162191A9AF00EF99B0 /* Set.swift */,
				DB1AAFD52190F44C00255059 /* AppDelegate.swift */,
				DB1AAFD72190F44C00255059 /* ViewController.swift */,
				DBEAA30F21B20FEA001EE2C8 /* Grid.swift */,
				DB1AAFD92190F44C00255059 /* Main.storyboard */,
				DB8DA96821D97A6F00AF6A17 /* CardBehavior.swift */,
				DBEAA30B21B20CD8001EE2C8 /* CardView.swift */,
				DB1AAFDC2190F44E00255059 /* Assets.xcassets */,
				DB1AAFDE2190F44E00255059 /* LaunchScreen.storyboard */,
				DB1AAFE12190F44E00255059 /* Info.plist */,
			);
			path = Set;
			sourceTree = "<group>";
		};
		DB1AAFE92190F44E00255059 /* SetTests */ = {
			isa = PBXGroup;
			children = (
				DB1AAFEC2190F44E00255059 /* Info.plist */,
				DB1AAFEA2190F44E00255059 /* SetTests.swift */,
			);
			path = SetTests;
			sourceTree = "<group>";
		};
		DB1AAFF42190F44E00255059 /* SetUITests */ = {
			isa = PBXGroup;
			children = (
				DB1AAFF52190F44E00255059 /* SetUITests.swift */,
				DB1AAFF72190F44E00255059 /* Info.plist */,
			);
			path = SetUITests;
			sourceTree = "<group>";
		};
/* End PBXGroup section */

/* Begin PBXNativeTarget section */
		DB1AAFD12190F44C00255059 /* Set */ = {
			isa = PBXNativeTarget;
			buildConfigurationList = DB1AAFFA2190F44E00255059 /* Build configuration list for PBXNativeTarget "Set" */;
			buildPhases = (
				DB1AAFCE2190F44C00255059 /* Sources */,
				DB1AAFCF2190F44C00255059 /* Frameworks */,
				DB1AAFD02190F44C00255059 /* Resources */,
			);
			buildRules = (
			);
			dependencies = (
			);
			name = Set;
			productName = Set;
			productReference = DB1AAFD22190F44C00255059 /* Set.app */;
			productType = "com.apple.product-type.application";
		};
		DB1AAFE52190F44E00255059 /* SetTests */ = {
			isa = PBXNativeTarget;
			buildConfigurationList = DB1AAFFD2190F44E00255059 /* Build configuration list for PBXNativeTarget "SetTests" */;
			buildPhases = (
				DB1AAFE22190F44E00255059 /* Sources */,
				DB1AAFE32190F44E00255059 /* Frameworks */,
				DB1AAFE42190F44E00255059 /* Resources */,
			);
			buildRules = (
			);
			dependencies = (
				DB1AAFE82190F44E00255059 /* PBXTargetDependency */,
			);
			name = SetTests;
			productName = SetTests;
			productReference = DB1AAFE62190F44E00255059 /* SetTests.xctest */;
			productType = "com.apple.product-type.bundle.unit-test";
		};
		DB1AAFF02190F44E00255059 /* SetUITests */ = {
			isa = PBXNativeTarget;
			buildConfigurationList = DB1AB0002190F44E00255059 /* Build configuration list for PBXNativeTarget "SetUITests" */;
			buildPhases = (
				DB1AAFED2190F44E00255059 /* Sources */,
				DB1AAFEE2190F44E00255059 /* Frameworks */,
				DB1AAFEF2190F44E00255059 /* Resources */,
			);
			buildRules = (
			);
			dependencies = (
				DB1AAFF32190F44E00255059 /* PBXTargetDependency */,
			);
			name = SetUITests;
			productName = SetUITests;
			productReference = DB1AAFF12190F44E00255059 /* SetUITests.xctest */;
			productType = "com.apple.product-type.bundle.ui-testing";
		};
/* End PBXNativeTarget section */

/* Begin PBXProject section */
		DB1AAFCA2190F44C00255059 /* Project object */ = {
			isa = PBXProject;
			attributes = {
				LastSwiftUpdateCheck = 1000;
				LastUpgradeCheck = 1000;
				ORGANIZATIONNAME = "Andi Maroge";
				TargetAttributes = {
					DB1AAFD12190F44C00255059 = {
						CreatedOnToolsVersion = 10.0;
					};
					DB1AAFE52190F44E00255059 = {
						CreatedOnToolsVersion = 10.0;
						TestTargetID = DB1AAFD12190F44C00255059;
					};
					DB1AAFF02190F44E00255059 = {
						CreatedOnToolsVersion = 10.0;
						TestTargetID = DB1AAFD12190F44C00255059;
					};
				};
			};
			buildConfigurationList = DB1AAFCD2190F44C00255059 /* Build configuration list for PBXProject "Set" */;
			compatibilityVersion = "Xcode 9.3";
			developmentRegion = en;
			hasScannedForEncodings = 0;
			knownRegions = (
				en,
				Base,
			);
			mainGroup = DB1AAFC92190F44C00255059;
			productRefGroup = DB1AAFD32190F44C00255059 /* Products */;
			projectDirPath = "";
			projectRoot = "";
			targets = (
				DB1AAFD12190F44C00255059 /* Set */,
				DB1AAFE52190F44E00255059 /* SetTests */,
				DB1AAFF02190F44E00255059 /* SetUITests */,
			);
		};
/* End PBXProject section */

/* Begin PBXResourcesBuildPhase section */
		DB1AAFD02190F44C00255059 /* Resources */ = {
			isa = PBXResourcesBuildPhase;
			buildActionMask = 2147483647;
			files = (
				DB1AAFE02190F44E00255059 /* LaunchScreen.storyboard in Resources */,
				DB1AAFDD2190F44E00255059 /* Assets.xcassets in Resources */,
				DB1AAFDB2190F44C00255059 /* Main.storyboard in Resources */,
			);
			runOnlyForDeploymentPostprocessing = 0;
		};
		DB1AAFE42190F44E00255059 /* Resources */ = {
			isa = PBXResourcesBuildPhase;
			buildActionMask = 2147483647;
			files = (
			);
			runOnlyForDeploymentPostprocessing = 0;
		};
		DB1AAFEF2190F44E00255059 /* Resources */ = {
			isa = PBXResourcesBuildPhase;
			buildActionMask = 2147483647;
			files = (
			);
			runOnlyForDeploymentPostprocessing = 0;
		};
/* End PBXResourcesBuildPhase section */

/* Begin PBXSourcesBuildPhase section */
		DB1AAFCE2190F44C00255059 /* Sources */ = {
			isa = PBXSourcesBuildPhase;
			buildActionMask = 2147483647;
			files = (
				DB1AAFD82190F44C00255059 /* ViewController.swift in Sources */,
				DB7367152191A79B00EF99B0 /* Card.swift in Sources */,
				DB7367172191A9AF00EF99B0 /* Set.swift in Sources */,
				DB1AAFD62190F44C00255059 /* AppDelegate.swift in Sources */,
				DBEAA30C21B20CD8001EE2C8 /* CardView.swift in Sources */,
				DBEAA31021B20FEA001EE2C8 /* Grid.swift in Sources */,
				DB8DA96921D97A6F00AF6A17 /* CardBehavior.swift in Sources */,
			);
			runOnlyForDeploymentPostprocessing = 0;
		};
		DB1AAFE22190F44E00255059 /* Sources */ = {
			isa = PBXSourcesBuildPhase;
			buildActionMask = 2147483647;
			files = (
				DB1AAFEB2190F44E00255059 /* SetTests.swift in Sources */,
			);
			runOnlyForDeploymentPostprocessing = 0;
		};
		DB1AAFED2190F44E00255059 /* Sources */ = {
			isa = PBXSourcesBuildPhase;
			buildActionMask = 2147483647;
			files = (
				DB1AAFF62190F44E00255059 /* SetUITests.swift in Sources */,
			);
			runOnlyForDeploymentPostprocessing = 0;
		};
/* End PBXSourcesBuildPhase section */

/* Begin PBXTargetDependency section */
		DB1AAFE82190F44E00255059 /* PBXTargetDependency */ = {
			isa = PBXTargetDependency;
			target = DB1AAFD12190F44C00255059 /* Set */;
			targetProxy = DB1AAFE72190F44E00255059 /* PBXContainerItemProxy */;
		};
		DB1AAFF32190F44E00255059 /* PBXTargetDependency */ = {
			isa = PBXTargetDependency;
			target = DB1AAFD12190F44C00255059 /* Set */;
			targetProxy = DB1AAFF22190F44E00255059 /* PBXContainerItemProxy */;
		};
/* End PBXTargetDependency section */

/* Begin PBXVariantGroup section */
		DB1AAFD92190F44C00255059 /* Main.storyboard */ = {
			isa = PBXVariantGroup;
			children = (
				DB1AAFDA2190F44C00255059 /* Base */,
			);
			name = Main.storyboard;
			sourceTree = "<group>";
		};
		DB1AAFDE2190F44E00255059 /* LaunchScreen.storyboard */ = {
			isa = PBXVariantGroup;
			children = (
				DB1AAFDF2190F44E00255059 /* Base */,
			);
			name = LaunchScreen.storyboard;
			sourceTree = "<group>";
		};
/* End PBXVariantGroup section */

/* Begin XCBuildConfiguration section */
		DB1AAFF82190F44E00255059 /* Debug */ = {
			isa = XCBuildConfiguration;
			buildSettings = {
				ALWAYS_SEARCH_USER_PATHS = NO;
				CLANG_ANALYZER_NONNULL = YES;
				CLANG_ANALYZER_NUMBER_OBJECT_CONVERSION = YES_AGGRESSIVE;
				CLANG_CXX_LANGUAGE_STANDARD = "gnu++14";
				CLANG_CXX_LIBRARY = "libc++";
				CLANG_ENABLE_MODULES = YES;
				CLANG_ENABLE_OBJC_ARC = YES;
				CLANG_ENABLE_OBJC_WEAK = YES;
				CLANG_WARN_BLOCK_CAPTURE_AUTORELEASING = YES;
				CLANG_WARN_BOOL_CONVERSION = YES;
				CLANG_WARN_COMMA = YES;
				CLANG_WARN_CONSTANT_CONVERSION = YES;
				CLANG_WARN_DEPRECATED_OBJC_IMPLEMENTATIONS = YES;
				CLANG_WARN_DIRECT_OBJC_ISA_USAGE = YES_ERROR;
				CLANG_WARN_DOCUMENTATION_COMMENTS = YES;
				CLANG_WARN_EMPTY_BODY = YES;
				CLANG_WARN_ENUM_CONVERSION = YES;
				CLANG_WARN_INFINITE_RECURSION = YES;
				CLANG_WARN_INT_CONVERSION = YES;
				CLANG_WARN_NON_LITERAL_NULL_CONVERSION = YES;
				CLANG_WARN_OBJC_IMPLICIT_RETAIN_SELF = YES;
				CLANG_WARN_OBJC_LITERAL_CONVERSION = YES;
				CLANG_WARN_OBJC_ROOT_CLASS = YES_ERROR;
				CLANG_WARN_RANGE_LOOP_ANALYSIS = YES;
				CLANG_WARN_STRICT_PROTOTYPES = YES;
				CLANG_WARN_SUSPICIOUS_MOVE = YES;
				CLANG_WARN_UNGUARDED_AVAILABILITY = YES_AGGRESSIVE;
				CLANG_WARN_UNREACHABLE_CODE = YES;
				CLANG_WARN__DUPLICATE_METHOD_MATCH = YES;
				CODE_SIGN_IDENTITY = "iPhone Developer";
				COPY_PHASE_STRIP = NO;
				DEBUG_INFORMATION_FORMAT = dwarf;
				ENABLE_STRICT_OBJC_MSGSEND = YES;
				ENABLE_TESTABILITY = YES;
				GCC_C_LANGUAGE_STANDARD = gnu11;
				GCC_DYNAMIC_NO_PIC = NO;
				GCC_NO_COMMON_BLOCKS = YES;
				GCC_OPTIMIZATION_LEVEL = 0;
				GCC_PREPROCESSOR_DEFINITIONS = (
					"DEBUG=1",
					"$(inherited)",
				);
				GCC_WARN_64_TO_32_BIT_CONVERSION = YES;
				GCC_WARN_ABOUT_RETURN_TYPE = YES_ERROR;
				GCC_WARN_UNDECLARED_SELECTOR = YES;
				GCC_WARN_UNINITIALIZED_AUTOS = YES_AGGRESSIVE;
				GCC_WARN_UNUSED_FUNCTION = YES;
				GCC_WARN_UNUSED_VARIABLE = YES;
				IPHONEOS_DEPLOYMENT_TARGET = 12.0;
				MTL_ENABLE_DEBUG_INFO = INCLUDE_SOURCE;
				MTL_FAST_MATH = YES;
				ONLY_ACTIVE_ARCH = YES;
				SDKROOT = iphoneos;
				SWIFT_ACTIVE_COMPILATION_CONDITIONS = DEBUG;
				SWIFT_OPTIMIZATION_LEVEL = "-Onone";
			};
			name = Debug;
		};
		DB1AAFF92190F44E00255059 /* Release */ = {
			isa = XCBuildConfiguration;
			buildSettings = {
				ALWAYS_SEARCH_USER_PATHS = NO;
				CLANG_ANALYZER_NONNULL = YES;
				CLANG_ANALYZER_NUMBER_OBJECT_CONVERSION = YES_AGGRESSIVE;
				CLANG_CXX_LANGUAGE_STANDARD = "gnu++14";
				CLANG_CXX_LIBRARY = "libc++";
				CLANG_ENABLE_MODULES = YES;
				CLANG_ENABLE_OBJC_ARC = YES;
				CLANG_ENABLE_OBJC_WEAK = YES;
				CLANG_WARN_BLOCK_CAPTURE_AUTORELEASING = YES;
				CLANG_WARN_BOOL_CONVERSION = YES;
				CLANG_WARN_COMMA = YES;
				CLANG_WARN_CONSTANT_CONVERSION = YES;
				CLANG_WARN_DEPRECATED_OBJC_IMPLEMENTATIONS = YES;
				CLANG_WARN_DIRECT_OBJC_ISA_USAGE = YES_ERROR;
				CLANG_WARN_DOCUMENTATION_COMMENTS = YES;
				CLANG_WARN_EMPTY_BODY = YES;
				CLANG_WARN_ENUM_CONVERSION = YES;
				CLANG_WARN_INFINITE_RECURSION = YES;
				CLANG_WARN_INT_CONVERSION = YES;
				CLANG_WARN_NON_LITERAL_NULL_CONVERSION = YES;
				CLANG_WARN_OBJC_IMPLICIT_RETAIN_SELF = YES;
				CLANG_WARN_OBJC_LITERAL_CONVERSION = YES;
				CLANG_WARN_OBJC_ROOT_CLASS = YES_ERROR;
				CLANG_WARN_RANGE_LOOP_ANALYSIS = YES;
				CLANG_WARN_STRICT_PROTOTYPES = YES;
				CLANG_WARN_SUSPICIOUS_MOVE = YES;
				CLANG_WARN_UNGUARDED_AVAILABILITY = YES_AGGRESSIVE;
				CLANG_WARN_UNREACHABLE_CODE = YES;
				CLANG_WARN__DUPLICATE_METHOD_MATCH = YES;
				CODE_SIGN_IDENTITY = "iPhone Developer";
				COPY_PHASE_STRIP = NO;
				DEBUG_INFORMATION_FORMAT = "dwarf-with-dsym";
				ENABLE_NS_ASSERTIONS = NO;
				ENABLE_STRICT_OBJC_MSGSEND = YES;
				GCC_C_LANGUAGE_STANDARD = gnu11;
				GCC_NO_COMMON_BLOCKS = YES;
				GCC_WARN_64_TO_32_BIT_CONVERSION = YES;
				GCC_WARN_ABOUT_RETURN_TYPE = YES_ERROR;
				GCC_WARN_UNDECLARED_SELECTOR = YES;
				GCC_WARN_UNINITIALIZED_AUTOS = YES_AGGRESSIVE;
				GCC_WARN_UNUSED_FUNCTION = YES;
				GCC_WARN_UNUSED_VARIABLE = YES;
				IPHONEOS_DEPLOYMENT_TARGET = 12.0;
				MTL_ENABLE_DEBUG_INFO = NO;
				MTL_FAST_MATH = YES;
				SDKROOT = iphoneos;
				SWIFT_COMPILATION_MODE = wholemodule;
				SWIFT_OPTIMIZATION_LEVEL = "-O";
				VALIDATE_PRODUCT = YES;
			};
			name = Release;
		};
		DB1AAFFB2190F44E00255059 /* Debug */ = {
			isa = XCBuildConfiguration;
			buildSettings = {
				ASSETCATALOG_COMPILER_APPICON_NAME = AppIcon;
				CODE_SIGN_STYLE = Automatic;
				INFOPLIST_FILE = Set/Info.plist;
				LD_RUNPATH_SEARCH_PATHS = (
					"$(inherited)",
					"@executable_path/Frameworks",
				);
				PRODUCT_BUNDLE_IDENTIFIER = AndiMaroge.Set;
				PRODUCT_NAME = "$(TARGET_NAME)";
				SWIFT_VERSION = 4.2;
				TARGETED_DEVICE_FAMILY = "1,2";
			};
			name = Debug;
		};
		DB1AAFFC2190F44E00255059 /* Release */ = {
			isa = XCBuildConfiguration;
			buildSettings = {
				ASSETCATALOG_COMPILER_APPICON_NAME = AppIcon;
				CODE_SIGN_STYLE = Automatic;
				INFOPLIST_FILE = Set/Info.plist;
				LD_RUNPATH_SEARCH_PATHS = (
					"$(inherited)",
					"@executable_path/Frameworks",
				);
				PRODUCT_BUNDLE_IDENTIFIER = AndiMaroge.Set;
				PRODUCT_NAME = "$(TARGET_NAME)";
				SWIFT_VERSION = 4.2;
				TARGETED_DEVICE_FAMILY = "1,2";
			};
			name = Release;
		};
		DB1AAFFE2190F44E00255059 /* Debug */ = {
			isa = XCBuildConfiguration;
			buildSettings = {
				ALWAYS_EMBED_SWIFT_STANDARD_LIBRARIES = YES;
				BUNDLE_LOADER = "$(TEST_HOST)";
				CODE_SIGN_STYLE = Automatic;
				INFOPLIST_FILE = SetTests/Info.plist;
				LD_RUNPATH_SEARCH_PATHS = (
					"$(inherited)",
					"@executable_path/Frameworks",
					"@loader_path/Frameworks",
				);
				PRODUCT_BUNDLE_IDENTIFIER = AndiMaroge.SetTests;
				PRODUCT_NAME = "$(TARGET_NAME)";
				SWIFT_VERSION = 4.2;
				TARGETED_DEVICE_FAMILY = "1,2";
				TEST_HOST = "$(BUILT_PRODUCTS_DIR)/Set.app/Set";
			};
			name = Debug;
		};
		DB1AAFFF2190F44E00255059 /* Release */ = {
			isa = XCBuildConfiguration;
			buildSettings = {
				ALWAYS_EMBED_SWIFT_STANDARD_LIBRARIES = YES;
				BUNDLE_LOADER = "$(TEST_HOST)";
				CODE_SIGN_STYLE = Automatic;
				INFOPLIST_FILE = SetTests/Info.plist;
				LD_RUNPATH_SEARCH_PATHS = (
					"$(inherited)",
					"@executable_path/Frameworks",
					"@loader_path/Frameworks",
				);
				PRODUCT_BUNDLE_IDENTIFIER = AndiMaroge.SetTests;
				PRODUCT_NAME = "$(TARGET_NAME)";
				SWIFT_VERSION = 4.2;
				TARGETED_DEVICE_FAMILY = "1,2";
				TEST_HOST = "$(BUILT_PRODUCTS_DIR)/Set.app/Set";
			};
			name = Release;
		};
		DB1AB0012190F44E00255059 /* Debug */ = {
			isa = XCBuildConfiguration;
			buildSettings = {
				ALWAYS_EMBED_SWIFT_STANDARD_LIBRARIES = YES;
				CODE_SIGN_STYLE = Automatic;
				INFOPLIST_FILE = SetUITests/Info.plist;
				LD_RUNPATH_SEARCH_PATHS = (
					"$(inherited)",
					"@executable_path/Frameworks",
					"@loader_path/Frameworks",
				);
				PRODUCT_BUNDLE_IDENTIFIER = AndiMaroge.SetUITests;
				PRODUCT_NAME = "$(TARGET_NAME)";
				SWIFT_VERSION = 4.2;
				TARGETED_DEVICE_FAMILY = "1,2";
				TEST_TARGET_NAME = Set;
			};
			name = Debug;
		};
		DB1AB0022190F44E00255059 /* Release */ = {
			isa = XCBuildConfiguration;
			buildSettings = {
				ALWAYS_EMBED_SWIFT_STANDARD_LIBRARIES = YES;
				CODE_SIGN_STYLE = Automatic;
				INFOPLIST_FILE = SetUITests/Info.plist;
				LD_RUNPATH_SEARCH_PATHS = (
					"$(inherited)",
					"@executable_path/Frameworks",
					"@loader_path/Frameworks",
				);
				PRODUCT_BUNDLE_IDENTIFIER = AndiMaroge.SetUITests;
				PRODUCT_NAME = "$(TARGET_NAME)";
				SWIFT_VERSION = 4.2;
				TARGETED_DEVICE_FAMILY = "1,2";
				TEST_TARGET_NAME = Set;
			};
			name = Release;
		};
/* End XCBuildConfiguration section */

/* Begin XCConfigurationList section */
		DB1AAFCD2190F44C00255059 /* Build configuration list for PBXProject "Set" */ = {
			isa = XCConfigurationList;
			buildConfigurations = (
				DB1AAFF82190F44E00255059 /* Debug */,
				DB1AAFF92190F44E00255059 /* Release */,
			);
			defaultConfigurationIsVisible = 0;
			defaultConfigurationName = Release;
		};
		DB1AAFFA2190F44E00255059 /* Build configuration list for PBXNativeTarget "Set" */ = {
			isa = XCConfigurationList;
			buildConfigurations = (
				DB1AAFFB2190F44E00255059 /* Debug */,
				DB1AAFFC2190F44E00255059 /* Release */,
			);
			defaultConfigurationIsVisible = 0;
			defaultConfigurationName = Release;
		};
		DB1AAFFD2190F44E00255059 /* Build configuration list for PBXNativeTarget "SetTests" */ = {
			isa = XCConfigurationList;
			buildConfigurations = (
				DB1AAFFE2190F44E00255059 /* Debug */,
				DB1AAFFF2190F44E00255059 /* Release */,
			);
			defaultConfigurationIsVisible = 0;
			defaultConfigurationName = Release;
		};
		DB1AB0002190F44E00255059 /* Build configuration list for PBXNativeTarget "SetUITests" */ = {
			isa = XCConfigurationList;
			buildConfigurations = (
				DB1AB0012190F44E00255059 /* Debug */,
				DB1AB0022190F44E00255059 /* Release */,
			);
			defaultConfigurationIsVisible = 0;
			defaultConfigurationName = Release;
		};
/* End XCConfigurationList section */
	};
	rootObject = DB1AAFCA2190F44C00255059 /* Project object */;
}
